// !$*UTF8*$!
{
	archiveVersion = 1;
	classes = {
	};
	objectVersion = 46;
	objects = {

/* Begin PBXBuildFile section */
		00E356F31AD99517003FC87E /* zzundaTests.m in Sources */ = {isa = PBXBuildFile; fileRef = 00E356F21AD99517003FC87E /* zzundaTests.m */; };
		071A1B3EF41BA1CBE295FC2A /* libPods-zzunda-tvOS.a in Frameworks */ = {isa = PBXBuildFile; fileRef = 21B73A92F754DC0B93FB50D6 /* libPods-zzunda-tvOS.a */; };
		13B07FBC1A68108700A75B9A /* AppDelegate.m in Sources */ = {isa = PBXBuildFile; fileRef = 13B07FB01A68108700A75B9A /* AppDelegate.m */; };
		13B07FBD1A68108700A75B9A /* LaunchScreen.xib in Resources */ = {isa = PBXBuildFile; fileRef = 13B07FB11A68108700A75B9A /* LaunchScreen.xib */; };
		13B07FBF1A68108700A75B9A /* Images.xcassets in Resources */ = {isa = PBXBuildFile; fileRef = 13B07FB51A68108700A75B9A /* Images.xcassets */; };
		13B07FC11A68108700A75B9A /* main.m in Sources */ = {isa = PBXBuildFile; fileRef = 13B07FB71A68108700A75B9A /* main.m */; };
		2D02E4BC1E0B4A80006451C7 /* AppDelegate.m in Sources */ = {isa = PBXBuildFile; fileRef = 13B07FB01A68108700A75B9A /* AppDelegate.m */; };
		2D02E4BD1E0B4A84006451C7 /* Images.xcassets in Resources */ = {isa = PBXBuildFile; fileRef = 13B07FB51A68108700A75B9A /* Images.xcassets */; };
		2D02E4BF1E0B4AB3006451C7 /* main.m in Sources */ = {isa = PBXBuildFile; fileRef = 13B07FB71A68108700A75B9A /* main.m */; };
		2DCD954D1E0B4F2C00145EB5 /* zzundaTests.m in Sources */ = {isa = PBXBuildFile; fileRef = 00E356F21AD99517003FC87E /* zzundaTests.m */; };
		481BB290F96C50AC8205E008 /* libPods-zzunda.a in Frameworks */ = {isa = PBXBuildFile; fileRef = 805A8A574FF08A23F552A52A /* libPods-zzunda.a */; };
		7AC9A0E6231F7C1900DD1B55 /* GetCertificateCode.swift in Sources */ = {isa = PBXBuildFile; fileRef = 7AC9A0E5231F7C1900DD1B55 /* GetCertificateCode.swift */; };
		7AC9A0E8231F7C8700DD1B55 /* GetCertificateCode.m in Sources */ = {isa = PBXBuildFile; fileRef = 7AC9A0E7231F7C8700DD1B55 /* GetCertificateCode.m */; };
		7AC9A221231F837400DD1B55 /* libKeySharpiPhoneICRP.a in Frameworks */ = {isa = PBXBuildFile; fileRef = 7AC9A1C4231F837400DD1B55 /* libKeySharpiPhoneICRP.a */; };
		7AC9A222231F837400DD1B55 /* KSaria.ct in Resources */ = {isa = PBXBuildFile; fileRef = 7AC9A1E6231F837400DD1B55 /* KSaria.ct */; };
		7AC9A223231F837400DD1B55 /* signkr.ct in Resources */ = {isa = PBXBuildFile; fileRef = 7AC9A1E7231F837400DD1B55 /* signkr.ct */; };
		7AC9A224231F837400DD1B55 /* signgate.ct in Resources */ = {isa = PBXBuildFile; fileRef = 7AC9A1E8231F837400DD1B55 /* signgate.ct */; };
		7AC9A225231F837400DD1B55 /* kisaroot.ct in Resources */ = {isa = PBXBuildFile; fileRef = 7AC9A1EC231F837400DD1B55 /* kisaroot.ct */; };
		7AC9A226231F837400DD1B55 /* xmca.ct in Resources */ = {isa = PBXBuildFile; fileRef = 7AC9A1FF231F837400DD1B55 /* xmca.ct */; };
		7AC9A227231F837400DD1B55 /* yessign.ct in Resources */ = {isa = PBXBuildFile; fileRef = 7AC9A205231F837400DD1B55 /* yessign.ct */; };
		7AC9A228231F837400DD1B55 /* libSecureData.a in Frameworks */ = {isa = PBXBuildFile; fileRef = 7AC9A21F231F837400DD1B55 /* libSecureData.a */; };
		7AC9A229231F837400DD1B55 /* libKeySharpiPhone.a in Frameworks */ = {isa = PBXBuildFile; fileRef = 7AC9A220231F837400DD1B55 /* libKeySharpiPhone.a */; };
		7F246F2BE74990C3A215FC88 /* libPods-zzundaTests.a in Frameworks */ = {isa = PBXBuildFile; fileRef = 8F03A9E91B244E67B2EE6C06 /* libPods-zzundaTests.a */; };
		9194F99E4C33D6D627A3E2F8 /* libPods-zzunda-tvOSTests.a in Frameworks */ = {isa = PBXBuildFile; fileRef = 14A1B8665FDC0C2A95D535DF /* libPods-zzunda-tvOSTests.a */; };
/* End PBXBuildFile section */

/* Begin PBXContainerItemProxy section */
		00E356F41AD99517003FC87E /* PBXContainerItemProxy */ = {
			isa = PBXContainerItemProxy;
			containerPortal = 83CBB9F71A601CBA00E9B192 /* Project object */;
			proxyType = 1;
			remoteGlobalIDString = 13B07F861A680F5B00A75B9A;
			remoteInfo = zzunda;
		};
		2D02E4911E0B4A5D006451C7 /* PBXContainerItemProxy */ = {
			isa = PBXContainerItemProxy;
			containerPortal = 83CBB9F71A601CBA00E9B192 /* Project object */;
			proxyType = 1;
			remoteGlobalIDString = 2D02E47A1E0B4A5D006451C7;
			remoteInfo = "zzunda-tvOS";
		};
/* End PBXContainerItemProxy section */

/* Begin PBXFileReference section */
		008F07F21AC5B25A0029DE68 /* main.jsbundle */ = {isa = PBXFileReference; fileEncoding = 4; lastKnownFileType = text; path = main.jsbundle; sourceTree = "<group>"; };
		00E356EE1AD99517003FC87E /* zzundaTests.xctest */ = {isa = PBXFileReference; explicitFileType = wrapper.cfbundle; includeInIndex = 0; path = zzundaTests.xctest; sourceTree = BUILT_PRODUCTS_DIR; };
		00E356F11AD99517003FC87E /* Info.plist */ = {isa = PBXFileReference; lastKnownFileType = text.plist.xml; path = Info.plist; sourceTree = "<group>"; };
		00E356F21AD99517003FC87E /* zzundaTests.m */ = {isa = PBXFileReference; lastKnownFileType = sourcecode.c.objc; path = zzundaTests.m; sourceTree = "<group>"; };
		04246051B78C7850E19E94D2 /* Pods-zzunda-tvOS.release.xcconfig */ = {isa = PBXFileReference; includeInIndex = 1; lastKnownFileType = text.xcconfig; name = "Pods-zzunda-tvOS.release.xcconfig"; path = "Target Support Files/Pods-zzunda-tvOS/Pods-zzunda-tvOS.release.xcconfig"; sourceTree = "<group>"; };
		13B07F961A680F5B00A75B9A /* zzunda.app */ = {isa = PBXFileReference; explicitFileType = wrapper.application; includeInIndex = 0; path = zzunda.app; sourceTree = BUILT_PRODUCTS_DIR; };
		13B07FAF1A68108700A75B9A /* AppDelegate.h */ = {isa = PBXFileReference; fileEncoding = 4; lastKnownFileType = sourcecode.c.h; name = AppDelegate.h; path = zzunda/AppDelegate.h; sourceTree = "<group>"; };
		13B07FB01A68108700A75B9A /* AppDelegate.m */ = {isa = PBXFileReference; fileEncoding = 4; lastKnownFileType = sourcecode.c.objc; name = AppDelegate.m; path = zzunda/AppDelegate.m; sourceTree = "<group>"; };
		13B07FB21A68108700A75B9A /* Base */ = {isa = PBXFileReference; lastKnownFileType = file.xib; name = Base; path = Base.lproj/LaunchScreen.xib; sourceTree = "<group>"; };
		13B07FB51A68108700A75B9A /* Images.xcassets */ = {isa = PBXFileReference; lastKnownFileType = folder.assetcatalog; name = Images.xcassets; path = zzunda/Images.xcassets; sourceTree = "<group>"; };
		13B07FB61A68108700A75B9A /* Info.plist */ = {isa = PBXFileReference; fileEncoding = 4; lastKnownFileType = text.plist.xml; name = Info.plist; path = zzunda/Info.plist; sourceTree = "<group>"; };
		13B07FB71A68108700A75B9A /* main.m */ = {isa = PBXFileReference; fileEncoding = 4; lastKnownFileType = sourcecode.c.objc; name = main.m; path = zzunda/main.m; sourceTree = "<group>"; };
		14A1B8665FDC0C2A95D535DF /* libPods-zzunda-tvOSTests.a */ = {isa = PBXFileReference; explicitFileType = archive.ar; includeInIndex = 0; path = "libPods-zzunda-tvOSTests.a"; sourceTree = BUILT_PRODUCTS_DIR; };
		21B73A92F754DC0B93FB50D6 /* libPods-zzunda-tvOS.a */ = {isa = PBXFileReference; explicitFileType = archive.ar; includeInIndex = 0; path = "libPods-zzunda-tvOS.a"; sourceTree = BUILT_PRODUCTS_DIR; };
		2D02E47B1E0B4A5D006451C7 /* zzunda-tvOS.app */ = {isa = PBXFileReference; explicitFileType = wrapper.application; includeInIndex = 0; path = "zzunda-tvOS.app"; sourceTree = BUILT_PRODUCTS_DIR; };
		2D02E4901E0B4A5D006451C7 /* zzunda-tvOSTests.xctest */ = {isa = PBXFileReference; explicitFileType = wrapper.cfbundle; includeInIndex = 0; path = "zzunda-tvOSTests.xctest"; sourceTree = BUILT_PRODUCTS_DIR; };
		3AFA702A19B79898C15D80BE /* Pods-zzundaTests.release.xcconfig */ = {isa = PBXFileReference; includeInIndex = 1; lastKnownFileType = text.xcconfig; name = "Pods-zzundaTests.release.xcconfig"; path = "Target Support Files/Pods-zzundaTests/Pods-zzundaTests.release.xcconfig"; sourceTree = "<group>"; };
		3B528164E01D63E0EF19FDBE /* Pods-zzunda-tvOSTests.release.xcconfig */ = {isa = PBXFileReference; includeInIndex = 1; lastKnownFileType = text.xcconfig; name = "Pods-zzunda-tvOSTests.release.xcconfig"; path = "Target Support Files/Pods-zzunda-tvOSTests/Pods-zzunda-tvOSTests.release.xcconfig"; sourceTree = "<group>"; };
		3EFD18AAF3F1E6A86ABA128E /* Pods-zzundaTests.debug.xcconfig */ = {isa = PBXFileReference; includeInIndex = 1; lastKnownFileType = text.xcconfig; name = "Pods-zzundaTests.debug.xcconfig"; path = "Target Support Files/Pods-zzundaTests/Pods-zzundaTests.debug.xcconfig"; sourceTree = "<group>"; };
		696D30F3E69532E90010E98C /* Pods-zzunda.release.xcconfig */ = {isa = PBXFileReference; includeInIndex = 1; lastKnownFileType = text.xcconfig; name = "Pods-zzunda.release.xcconfig"; path = "Target Support Files/Pods-zzunda/Pods-zzunda.release.xcconfig"; sourceTree = "<group>"; };
		7AC9A0E4231F7C1900DD1B55 /* zzunda-Bridging-Header.h */ = {isa = PBXFileReference; lastKnownFileType = sourcecode.c.h; path = "zzunda-Bridging-Header.h"; sourceTree = "<group>"; };
		7AC9A0E5231F7C1900DD1B55 /* GetCertificateCode.swift */ = {isa = PBXFileReference; lastKnownFileType = sourcecode.swift; path = GetCertificateCode.swift; sourceTree = "<group>"; };
		7AC9A0E7231F7C8700DD1B55 /* GetCertificateCode.m */ = {isa = PBXFileReference; lastKnownFileType = sourcecode.c.objc; path = GetCertificateCode.m; sourceTree = "<group>"; };
		7AC9A1C0231F837400DD1B55 /* ICRProtocol.h */ = {isa = PBXFileReference; fileEncoding = 4; lastKnownFileType = sourcecode.c.h; path = ICRProtocol.h; sourceTree = "<group>"; };
		7AC9A1C2231F837400DD1B55 /* KSKeychainItemWrapper.h */ = {isa = PBXFileReference; fileEncoding = 4; lastKnownFileType = sourcecode.c.h; path = KSKeychainItemWrapper.h; sourceTree = "<group>"; };
		7AC9A1C3231F837400DD1B55 /* KSDevice.h */ = {isa = PBXFileReference; fileEncoding = 4; lastKnownFileType = sourcecode.c.h; path = KSDevice.h; sourceTree = "<group>"; };
		7AC9A1C4231F837400DD1B55 /* libKeySharpiPhoneICRP.a */ = {isa = PBXFileReference; lastKnownFileType = archive.ar; path = libKeySharpiPhoneICRP.a; sourceTree = "<group>"; };
		7AC9A1C6231F837400DD1B55 /* DeviceDetection.h */ = {isa = PBXFileReference; fileEncoding = 4; lastKnownFileType = sourcecode.c.h; path = DeviceDetection.h; sourceTree = "<group>"; };
		7AC9A1C7231F837400DD1B55 /* FingerprintCertManager.h */ = {isa = PBXFileReference; fileEncoding = 4; lastKnownFileType = sourcecode.c.h; path = FingerprintCertManager.h; sourceTree = "<group>"; };
		7AC9A1CA231F837400DD1B55 /* KSsock.h_back.h */ = {isa = PBXFileReference; fileEncoding = 4; lastKnownFileType = sourcecode.c.h; path = KSsock.h_back.h; sourceTree = "<group>"; };
		7AC9A1CB231F837400DD1B55 /* KSpkcs8Util.h */ = {isa = PBXFileReference; fileEncoding = 4; lastKnownFileType = sourcecode.c.h; path = KSpkcs8Util.h; sourceTree = "<group>"; };
		7AC9A1CC231F837400DD1B55 /* KScbcmac.h */ = {isa = PBXFileReference; fileEncoding = 4; lastKnownFileType = sourcecode.c.h; path = KScbcmac.h; sourceTree = "<group>"; };
		7AC9A1CD231F837400DD1B55 /* KSbin.h */ = {isa = PBXFileReference; fileEncoding = 4; lastKnownFileType = sourcecode.c.h; path = KSbin.h; sourceTree = "<group>"; };
		7AC9A1CE231F837400DD1B55 /* KSrand.h */ = {isa = PBXFileReference; fileEncoding = 4; lastKnownFileType = sourcecode.c.h; path = KSrand.h; sourceTree = "<group>"; };
		7AC9A1CF231F837400DD1B55 /* KSutil.h */ = {isa = PBXFileReference; fileEncoding = 4; lastKnownFileType = sourcecode.c.h; path = KSutil.h; sourceTree = "<group>"; };
		7AC9A1D0231F837400DD1B55 /* KSprime.h */ = {isa = PBXFileReference; fileEncoding = 4; lastKnownFileType = sourcecode.c.h; path = KSprime.h; sourceTree = "<group>"; };
		7AC9A1D1231F837400DD1B55 /* KScert.h */ = {isa = PBXFileReference; fileEncoding = 4; lastKnownFileType = sourcecode.c.h; path = KScert.h; sourceTree = "<group>"; };
		7AC9A1D2231F837400DD1B55 /* KSpkcs10.h */ = {isa = PBXFileReference; fileEncoding = 4; lastKnownFileType = sourcecode.c.h; path = KSpkcs10.h; sourceTree = "<group>"; };
		7AC9A1D3231F837400DD1B55 /* KSdebug.h */ = {isa = PBXFileReference; fileEncoding = 4; lastKnownFileType = sourcecode.c.h; path = KSdebug.h; sourceTree = "<group>"; };
		7AC9A1D4231F837400DD1B55 /* KSbigint.h */ = {isa = PBXFileReference; fileEncoding = 4; lastKnownFileType = sourcecode.c.h; path = KSbigint.h; sourceTree = "<group>"; };
		7AC9A1D5231F837400DD1B55 /* KShmac.h */ = {isa = PBXFileReference; fileEncoding = 4; lastKnownFileType = sourcecode.c.h; path = KShmac.h; sourceTree = "<group>"; };
		7AC9A1D6231F837400DD1B55 /* KSpkcs1.h */ = {isa = PBXFileReference; fileEncoding = 4; lastKnownFileType = sourcecode.c.h; path = KSpkcs1.h; sourceTree = "<group>"; };
		7AC9A1D7231F837400DD1B55 /* KSrp.h */ = {isa = PBXFileReference; fileEncoding = 4; lastKnownFileType = sourcecode.c.h; path = KSrp.h; sourceTree = "<group>"; };
		7AC9A1D8231F837400DD1B55 /* KSdessp.h */ = {isa = PBXFileReference; fileEncoding = 4; lastKnownFileType = sourcecode.c.h; path = KSdessp.h; sourceTree = "<group>"; };
		7AC9A1D9231F837400DD1B55 /* KSasntypes.h */ = {isa = PBXFileReference; fileEncoding = 4; lastKnownFileType = sourcecode.c.h; path = KSasntypes.h; sourceTree = "<group>"; };
		7AC9A1DA231F837400DD1B55 /* prime.h */ = {isa = PBXFileReference; fileEncoding = 4; lastKnownFileType = sourcecode.c.h; path = prime.h; sourceTree = "<group>"; };
		7AC9A1DB231F837400DD1B55 /* KSpkcs5.h */ = {isa = PBXFileReference; fileEncoding = 4; lastKnownFileType = sourcecode.c.h; path = KSpkcs5.h; sourceTree = "<group>"; };
		7AC9A1DC231F837400DD1B55 /* KScmperr.h */ = {isa = PBXFileReference; fileEncoding = 4; lastKnownFileType = sourcecode.c.h; path = KScmperr.h; sourceTree = "<group>"; };
		7AC9A1DD231F837400DD1B55 /* KSerror.h */ = {isa = PBXFileReference; fileEncoding = 4; lastKnownFileType = sourcecode.c.h; path = KSerror.h; sourceTree = "<group>"; };
		7AC9A1DE231F837400DD1B55 /* KSdh.h */ = {isa = PBXFileReference; fileEncoding = 4; lastKnownFileType = sourcecode.c.h; path = KSdh.h; sourceTree = "<group>"; };
		7AC9A1DF231F837400DD1B55 /* KSaria.h */ = {isa = PBXFileReference; fileEncoding = 4; lastKnownFileType = sourcecode.c.h; path = KSaria.h; sourceTree = "<group>"; };
		7AC9A1E0231F837400DD1B55 /* CertManager.h */ = {isa = PBXFileReference; fileEncoding = 4; lastKnownFileType = sourcecode.c.h; path = CertManager.h; sourceTree = "<group>"; };
		7AC9A1E1231F837400DD1B55 /* KShash.h */ = {isa = PBXFileReference; fileEncoding = 4; lastKnownFileType = sourcecode.c.h; path = KShash.h; sourceTree = "<group>"; };
		7AC9A1E2231F837400DD1B55 /* KSdes.h */ = {isa = PBXFileReference; fileEncoding = 4; lastKnownFileType = sourcecode.c.h; path = KSdes.h; sourceTree = "<group>"; };
		7AC9A1E3231F837400DD1B55 /* RA.h */ = {isa = PBXFileReference; fileEncoding = 4; lastKnownFileType = sourcecode.c.h; path = RA.h; sourceTree = "<group>"; };
		7AC9A1E4231F837400DD1B55 /* KSaes.h */ = {isa = PBXFileReference; fileEncoding = 4; lastKnownFileType = sourcecode.c.h; path = KSaes.h; sourceTree = "<group>"; };
		7AC9A1E5231F837400DD1B55 /* KSpkcs8.h */ = {isa = PBXFileReference; fileEncoding = 4; lastKnownFileType = sourcecode.c.h; path = KSpkcs8.h; sourceTree = "<group>"; };
		7AC9A1E6231F837400DD1B55 /* KSaria.ct */ = {isa = PBXFileReference; fileEncoding = 4; lastKnownFileType = text; path = KSaria.ct; sourceTree = "<group>"; };
		7AC9A1E7231F837400DD1B55 /* signkr.ct */ = {isa = PBXFileReference; fileEncoding = 4; lastKnownFileType = text; path = signkr.ct; sourceTree = "<group>"; };
		7AC9A1E8231F837400DD1B55 /* signgate.ct */ = {isa = PBXFileReference; fileEncoding = 4; lastKnownFileType = text; path = signgate.ct; sourceTree = "<group>"; };
		7AC9A1E9231F837400DD1B55 /* KSseed.h */ = {isa = PBXFileReference; fileEncoding = 4; lastKnownFileType = sourcecode.c.h; path = KSseed.h; sourceTree = "<group>"; };
		7AC9A1EA231F837400DD1B55 /* KSHybridEnvelop.h */ = {isa = PBXFileReference; fileEncoding = 4; lastKnownFileType = sourcecode.c.h; path = KSHybridEnvelop.h; sourceTree = "<group>"; };
		7AC9A1EB231F837400DD1B55 /* thread.h */ = {isa = PBXFileReference; fileEncoding = 4; lastKnownFileType = sourcecode.c.h; path = thread.h; sourceTree = "<group>"; };
		7AC9A1EC231F837400DD1B55 /* kisaroot.ct */ = {isa = PBXFileReference; fileEncoding = 4; lastKnownFileType = text; path = kisaroot.ct; sourceTree = "<group>"; };
		7AC9A1ED231F837400DD1B55 /* KSder.h */ = {isa = PBXFileReference; fileEncoding = 4; lastKnownFileType = sourcecode.c.h; path = KSder.h; sourceTree = "<group>"; };
		7AC9A1EE231F837400DD1B55 /* KScipher.h */ = {isa = PBXFileReference; fileEncoding = 4; lastKnownFileType = sourcecode.c.h; path = KScipher.h; sourceTree = "<group>"; };
		7AC9A1EF231F837400DD1B55 /* KSpkcs12.h */ = {isa = PBXFileReference; fileEncoding = 4; lastKnownFileType = sourcecode.c.h; path = KSpkcs12.h; sourceTree = "<group>"; };
		7AC9A1F0231F837400DD1B55 /* KSprotocol.h */ = {isa = PBXFileReference; fileEncoding = 4; lastKnownFileType = sourcecode.c.h; path = KSprotocol.h; sourceTree = "<group>"; };
		7AC9A1F1231F837400DD1B55 /* KSx509.h */ = {isa = PBXFileReference; fileEncoding = 4; lastKnownFileType = sourcecode.c.h; path = KSx509.h; sourceTree = "<group>"; };
		7AC9A1F2231F837400DD1B55 /* KScmp.h */ = {isa = PBXFileReference; fileEncoding = 4; lastKnownFileType = sourcecode.c.h; path = KScmp.h; sourceTree = "<group>"; };
		7AC9A1F3231F837400DD1B55 /* KSmd5.h */ = {isa = PBXFileReference; fileEncoding = 4; lastKnownFileType = sourcecode.c.h; path = KSmd5.h; sourceTree = "<group>"; };
		7AC9A1F4231F837400DD1B55 /* KSkcdsa.h */ = {isa = PBXFileReference; fileEncoding = 4; lastKnownFileType = sourcecode.c.h; path = KSkcdsa.h; sourceTree = "<group>"; };
		7AC9A1F5231F837400DD1B55 /* KSaesApi.h */ = {isa = PBXFileReference; fileEncoding = 4; lastKnownFileType = sourcecode.c.h; path = KSaesApi.h; sourceTree = "<group>"; };
		7AC9A1F6231F837400DD1B55 /* KSphash.h */ = {isa = PBXFileReference; fileEncoding = 4; lastKnownFileType = sourcecode.c.h; path = KSphash.h; sourceTree = "<group>"; };
		7AC9A1F7231F837400DD1B55 /* KSaesAlg.h */ = {isa = PBXFileReference; fileEncoding = 4; lastKnownFileType = sourcecode.c.h; path = KSaesAlg.h; sourceTree = "<group>"; };
		7AC9A1F8231F837400DD1B55 /* KScmpproto.h */ = {isa = PBXFileReference; fileEncoding = 4; lastKnownFileType = sourcecode.c.h; path = KScmpproto.h; sourceTree = "<group>"; };
		7AC9A1F9231F837400DD1B55 /* KSsha256.h */ = {isa = PBXFileReference; fileEncoding = 4; lastKnownFileType = sourcecode.c.h; path = KSsha256.h; sourceTree = "<group>"; };
		7AC9A1FA231F837400DD1B55 /* KSsock.h */ = {isa = PBXFileReference; fileEncoding = 4; lastKnownFileType = sourcecode.c.h; path = KSsock.h; sourceTree = "<group>"; };
		7AC9A1FB231F837400DD1B55 /* KSrc2.h */ = {isa = PBXFileReference; fileEncoding = 4; lastKnownFileType = sourcecode.c.h; path = KSrc2.h; sourceTree = "<group>"; };
		7AC9A1FC231F837400DD1B55 /* KSsha.h */ = {isa = PBXFileReference; fileEncoding = 4; lastKnownFileType = sourcecode.c.h; path = KSsha.h; sourceTree = "<group>"; };
		7AC9A1FD231F837400DD1B55 /* KSbase64.h */ = {isa = PBXFileReference; fileEncoding = 4; lastKnownFileType = sourcecode.c.h; path = KSbase64.h; sourceTree = "<group>"; };
		7AC9A1FE231F837400DD1B55 /* KShsa.h */ = {isa = PBXFileReference; fileEncoding = 4; lastKnownFileType = sourcecode.c.h; path = KShsa.h; sourceTree = "<group>"; };
		7AC9A1FF231F837400DD1B55 /* xmca.ct */ = {isa = PBXFileReference; fileEncoding = 4; lastKnownFileType = text; path = xmca.ct; sourceTree = "<group>"; };
		7AC9A200231F837400DD1B55 /* KSobigo.h */ = {isa = PBXFileReference; fileEncoding = 4; lastKnownFileType = sourcecode.c.h; path = KSobigo.h; sourceTree = "<group>"; };
		7AC9A201231F837400DD1B55 /* KSdefine.h */ = {isa = PBXFileReference; fileEncoding = 4; lastKnownFileType = sourcecode.c.h; path = KSdefine.h; sourceTree = "<group>"; };
		7AC9A202231F837400DD1B55 /* KStdes.h */ = {isa = PBXFileReference; fileEncoding = 4; lastKnownFileType = sourcecode.c.h; path = KStdes.h; sourceTree = "<group>"; };
		7AC9A203231F837400DD1B55 /* KScms.h */ = {isa = PBXFileReference; fileEncoding = 4; lastKnownFileType = sourcecode.c.h; path = KScms.h; sourceTree = "<group>"; };
		7AC9A204231F837400DD1B55 /* KStcp.h */ = {isa = PBXFileReference; fileEncoding = 4; lastKnownFileType = sourcecode.c.h; path = KStcp.h; sourceTree = "<group>"; };
		7AC9A205231F837400DD1B55 /* yessign.ct */ = {isa = PBXFileReference; fileEncoding = 4; lastKnownFileType = text; path = yessign.ct; sourceTree = "<group>"; };
		7AC9A206231F837400DD1B55 /* KSoid.h */ = {isa = PBXFileReference; fileEncoding = 4; lastKnownFileType = sourcecode.c.h; path = KSoid.h; sourceTree = "<group>"; };
		7AC9A207231F837400DD1B55 /* KSclient.h */ = {isa = PBXFileReference; fileEncoding = 4; lastKnownFileType = sourcecode.c.h; path = KSclient.h; sourceTree = "<group>"; };
		7AC9A209231F837400DD1B55 /* FMDatabase.h */ = {isa = PBXFileReference; fileEncoding = 4; lastKnownFileType = sourcecode.c.h; path = FMDatabase.h; sourceTree = "<group>"; };
		7AC9A20B231F837400DD1B55 /* SignKoreaFramework.h */ = {isa = PBXFileReference; fileEncoding = 4; lastKnownFileType = sourcecode.c.h; path = SignKoreaFramework.h; sourceTree = "<group>"; };
		7AC9A20C231F837400DD1B55 /* FMResultSet.h */ = {isa = PBXFileReference; fileEncoding = 4; lastKnownFileType = sourcecode.c.h; path = FMResultSet.h; sourceTree = "<group>"; };
		7AC9A20D231F837400DD1B55 /* NCCommon.h */ = {isa = PBXFileReference; fileEncoding = 4; lastKnownFileType = sourcecode.c.h; path = NCCommon.h; sourceTree = "<group>"; };
		7AC9A20E231F837400DD1B55 /* BillViewController.h */ = {isa = PBXFileReference; fileEncoding = 4; lastKnownFileType = sourcecode.c.h; path = BillViewController.h; sourceTree = "<group>"; };
		7AC9A20F231F837400DD1B55 /* EasyJSWebView.h */ = {isa = PBXFileReference; fileEncoding = 4; lastKnownFileType = sourcecode.c.h; path = EasyJSWebView.h; sourceTree = "<group>"; };
		7AC9A210231F837400DD1B55 /* EasyJSDataFunction.h */ = {isa = PBXFileReference; fileEncoding = 4; lastKnownFileType = sourcecode.c.h; path = EasyJSDataFunction.h; sourceTree = "<group>"; };
		7AC9A211231F837400DD1B55 /* Certificate.h */ = {isa = PBXFileReference; fileEncoding = 4; lastKnownFileType = sourcecode.c.h; path = Certificate.h; sourceTree = "<group>"; };
		7AC9A212231F837400DD1B55 /* EasyJSWebViewProxyDelegate.h */ = {isa = PBXFileReference; fileEncoding = 4; lastKnownFileType = sourcecode.c.h; path = EasyJSWebViewProxyDelegate.h; sourceTree = "<group>"; };
		7AC9A213231F837400DD1B55 /* CopyCertificate.h */ = {isa = PBXFileReference; fileEncoding = 4; lastKnownFileType = sourcecode.c.h; path = CopyCertificate.h; sourceTree = "<group>"; };
		7AC9A214231F837400DD1B55 /* Util.h */ = {isa = PBXFileReference; fileEncoding = 4; lastKnownFileType = sourcecode.c.h; path = Util.h; sourceTree = "<group>"; };
		7AC9A215231F837400DD1B55 /* KeyChainManager.h */ = {isa = PBXFileReference; fileEncoding = 4; lastKnownFileType = sourcecode.c.h; path = KeyChainManager.h; sourceTree = "<group>"; };
		7AC9A216231F837400DD1B55 /* KSCertManager.h */ = {isa = PBXFileReference; fileEncoding = 4; lastKnownFileType = sourcecode.c.h; path = KSCertManager.h; sourceTree = "<group>"; };
		7AC9A217231F837400DD1B55 /* KS2Translator.h */ = {isa = PBXFileReference; fileEncoding = 4; lastKnownFileType = sourcecode.c.h; path = KS2Translator.h; sourceTree = "<group>"; };
		7AC9A218231F837400DD1B55 /* FMDatabaseAdditions.h */ = {isa = PBXFileReference; fileEncoding = 4; lastKnownFileType = sourcecode.c.h; path = FMDatabaseAdditions.h; sourceTree = "<group>"; };
		7AC9A219231F837400DD1B55 /* Logger.h */ = {isa = PBXFileReference; fileEncoding = 4; lastKnownFileType = sourcecode.c.h; path = Logger.h; sourceTree = "<group>"; };
		7AC9A21B231F837400DD1B55 /* ProtectedData.h */ = {isa = PBXFileReference; fileEncoding = 4; lastKnownFileType = sourcecode.c.h; path = ProtectedData.h; sourceTree = "<group>"; };
		7AC9A21C231F837400DD1B55 /* SecureData.h */ = {isa = PBXFileReference; fileEncoding = 4; lastKnownFileType = sourcecode.c.h; path = SecureData.h; sourceTree = "<group>"; };
		7AC9A21D231F837400DD1B55 /* Util.h */ = {isa = PBXFileReference; fileEncoding = 4; lastKnownFileType = sourcecode.c.h; path = Util.h; sourceTree = "<group>"; };
		7AC9A21E231F837400DD1B55 /* NSHCData.h */ = {isa = PBXFileReference; fileEncoding = 4; lastKnownFileType = sourcecode.c.h; path = NSHCData.h; sourceTree = "<group>"; };
		7AC9A21F231F837400DD1B55 /* libSecureData.a */ = {isa = PBXFileReference; lastKnownFileType = archive.ar; path = libSecureData.a; sourceTree = "<group>"; };
		7AC9A220231F837400DD1B55 /* libKeySharpiPhone.a */ = {isa = PBXFileReference; lastKnownFileType = archive.ar; path = libKeySharpiPhone.a; sourceTree = "<group>"; };
		805A8A574FF08A23F552A52A /* libPods-zzunda.a */ = {isa = PBXFileReference; explicitFileType = archive.ar; includeInIndex = 0; path = "libPods-zzunda.a"; sourceTree = BUILT_PRODUCTS_DIR; };
		8F03A9E91B244E67B2EE6C06 /* libPods-zzundaTests.a */ = {isa = PBXFileReference; explicitFileType = archive.ar; includeInIndex = 0; path = "libPods-zzundaTests.a"; sourceTree = BUILT_PRODUCTS_DIR; };
		A53DA2FB683CC290AC0B6BE0 /* Pods-zzunda.debug.xcconfig */ = {isa = PBXFileReference; includeInIndex = 1; lastKnownFileType = text.xcconfig; name = "Pods-zzunda.debug.xcconfig"; path = "Target Support Files/Pods-zzunda/Pods-zzunda.debug.xcconfig"; sourceTree = "<group>"; };
		AC1E7F0069FBCD4CABC196E0 /* Pods-zzunda-tvOS.debug.xcconfig */ = {isa = PBXFileReference; includeInIndex = 1; lastKnownFileType = text.xcconfig; name = "Pods-zzunda-tvOS.debug.xcconfig"; path = "Target Support Files/Pods-zzunda-tvOS/Pods-zzunda-tvOS.debug.xcconfig"; sourceTree = "<group>"; };
		ED297162215061F000B7C4FE /* JavaScriptCore.framework */ = {isa = PBXFileReference; lastKnownFileType = wrapper.framework; name = JavaScriptCore.framework; path = System/Library/Frameworks/JavaScriptCore.framework; sourceTree = SDKROOT; };
		ED2971642150620600B7C4FE /* JavaScriptCore.framework */ = {isa = PBXFileReference; lastKnownFileType = wrapper.framework; name = JavaScriptCore.framework; path = Platforms/AppleTVOS.platform/Developer/SDKs/AppleTVOS12.0.sdk/System/Library/Frameworks/JavaScriptCore.framework; sourceTree = DEVELOPER_DIR; };
		FD663D442829A458726A10AC /* Pods-zzunda-tvOSTests.debug.xcconfig */ = {isa = PBXFileReference; includeInIndex = 1; lastKnownFileType = text.xcconfig; name = "Pods-zzunda-tvOSTests.debug.xcconfig"; path = "Target Support Files/Pods-zzunda-tvOSTests/Pods-zzunda-tvOSTests.debug.xcconfig"; sourceTree = "<group>"; };
/* End PBXFileReference section */

/* Begin PBXFrameworksBuildPhase section */
		00E356EB1AD99517003FC87E /* Frameworks */ = {
			isa = PBXFrameworksBuildPhase;
			buildActionMask = 2147483647;
			files = (
				7F246F2BE74990C3A215FC88 /* libPods-zzundaTests.a in Frameworks */,
			);
			runOnlyForDeploymentPostprocessing = 0;
		};
		13B07F8C1A680F5B00A75B9A /* Frameworks */ = {
			isa = PBXFrameworksBuildPhase;
			buildActionMask = 2147483647;
			files = (
				481BB290F96C50AC8205E008 /* libPods-zzunda.a in Frameworks */,
				7AC9A228231F837400DD1B55 /* libSecureData.a in Frameworks */,
				7AC9A221231F837400DD1B55 /* libKeySharpiPhoneICRP.a in Frameworks */,
				7AC9A229231F837400DD1B55 /* libKeySharpiPhone.a in Frameworks */,
			);
			runOnlyForDeploymentPostprocessing = 0;
		};
		2D02E4781E0B4A5D006451C7 /* Frameworks */ = {
			isa = PBXFrameworksBuildPhase;
			buildActionMask = 2147483647;
			files = (
				071A1B3EF41BA1CBE295FC2A /* libPods-zzunda-tvOS.a in Frameworks */,
			);
			runOnlyForDeploymentPostprocessing = 0;
		};
		2D02E48D1E0B4A5D006451C7 /* Frameworks */ = {
			isa = PBXFrameworksBuildPhase;
			buildActionMask = 2147483647;
			files = (
				9194F99E4C33D6D627A3E2F8 /* libPods-zzunda-tvOSTests.a in Frameworks */,
			);
			runOnlyForDeploymentPostprocessing = 0;
		};
/* End PBXFrameworksBuildPhase section */

/* Begin PBXGroup section */
		00E356EF1AD99517003FC87E /* zzundaTests */ = {
			isa = PBXGroup;
			children = (
				00E356F21AD99517003FC87E /* zzundaTests.m */,
				00E356F01AD99517003FC87E /* Supporting Files */,
			);
			path = zzundaTests;
			sourceTree = "<group>";
		};
		00E356F01AD99517003FC87E /* Supporting Files */ = {
			isa = PBXGroup;
			children = (
				00E356F11AD99517003FC87E /* Info.plist */,
			);
			name = "Supporting Files";
			sourceTree = "<group>";
		};
		13B07FAE1A68108700A75B9A /* zzunda */ = {
			isa = PBXGroup;
			children = (
				008F07F21AC5B25A0029DE68 /* main.jsbundle */,
				13B07FAF1A68108700A75B9A /* AppDelegate.h */,
				13B07FB01A68108700A75B9A /* AppDelegate.m */,
				13B07FB51A68108700A75B9A /* Images.xcassets */,
				13B07FB61A68108700A75B9A /* Info.plist */,
				13B07FB11A68108700A75B9A /* LaunchScreen.xib */,
				13B07FB71A68108700A75B9A /* main.m */,
				7AC9A0E5231F7C1900DD1B55 /* GetCertificateCode.swift */,
				7AC9A0E4231F7C1900DD1B55 /* zzunda-Bridging-Header.h */,
				7AC9A0E7231F7C8700DD1B55 /* GetCertificateCode.m */,
			);
			name = zzunda;
			sourceTree = "<group>";
		};
		2D16E6871FA4F8E400B85C8A /* Frameworks */ = {
			isa = PBXGroup;
			children = (
				ED297162215061F000B7C4FE /* JavaScriptCore.framework */,
				ED2971642150620600B7C4FE /* JavaScriptCore.framework */,
				805A8A574FF08A23F552A52A /* libPods-zzunda.a */,
				21B73A92F754DC0B93FB50D6 /* libPods-zzunda-tvOS.a */,
				14A1B8665FDC0C2A95D535DF /* libPods-zzunda-tvOSTests.a */,
				8F03A9E91B244E67B2EE6C06 /* libPods-zzundaTests.a */,
			);
			name = Frameworks;
			sourceTree = "<group>";
		};
		54735C8484DA017249579CA3 /* Pods */ = {
			isa = PBXGroup;
			children = (
				A53DA2FB683CC290AC0B6BE0 /* Pods-zzunda.debug.xcconfig */,
				696D30F3E69532E90010E98C /* Pods-zzunda.release.xcconfig */,
				AC1E7F0069FBCD4CABC196E0 /* Pods-zzunda-tvOS.debug.xcconfig */,
				04246051B78C7850E19E94D2 /* Pods-zzunda-tvOS.release.xcconfig */,
				FD663D442829A458726A10AC /* Pods-zzunda-tvOSTests.debug.xcconfig */,
				3B528164E01D63E0EF19FDBE /* Pods-zzunda-tvOSTests.release.xcconfig */,
				3EFD18AAF3F1E6A86ABA128E /* Pods-zzundaTests.debug.xcconfig */,
				3AFA702A19B79898C15D80BE /* Pods-zzundaTests.release.xcconfig */,
			);
			path = Pods;
			sourceTree = "<group>";
		};
		7AC9A1BC231F837400DD1B55 /* Library */ = {
			isa = PBXGroup;
			children = (
				7AC9A1BD231F837400DD1B55 /* Certificate */,
			);
			path = Library;
			sourceTree = "<group>";
		};
		7AC9A1BD231F837400DD1B55 /* Certificate */ = {
			isa = PBXGroup;
			children = (
				7AC9A1BE231F837400DD1B55 /* SignKorea */,
			);
			path = Certificate;
			sourceTree = "<group>";
		};
		7AC9A1BE231F837400DD1B55 /* SignKorea */ = {
			isa = PBXGroup;
			children = (
				7AC9A1BF231F837400DD1B55 /* KeySharpiPhoneICRP include */,
				7AC9A1C1231F837400DD1B55 /* KeySharpiPhoneUtil include */,
				7AC9A1C4231F837400DD1B55 /* libKeySharpiPhoneICRP.a */,
				7AC9A1C5231F837400DD1B55 /* FingerprintCertManager include */,
				7AC9A1C8231F837400DD1B55 /* KeySharpiPhone include */,
				7AC9A21A231F837400DD1B55 /* SecureData include */,
				7AC9A21F231F837400DD1B55 /* libSecureData.a */,
				7AC9A220231F837400DD1B55 /* libKeySharpiPhone.a */,
			);
			path = SignKorea;
			sourceTree = "<group>";
		};
		7AC9A1BF231F837400DD1B55 /* KeySharpiPhoneICRP include */ = {
			isa = PBXGroup;
			children = (
				7AC9A1C0231F837400DD1B55 /* ICRProtocol.h */,
			);
			path = "KeySharpiPhoneICRP include";
			sourceTree = "<group>";
		};
		7AC9A1C1231F837400DD1B55 /* KeySharpiPhoneUtil include */ = {
			isa = PBXGroup;
			children = (
				7AC9A1C2231F837400DD1B55 /* KSKeychainItemWrapper.h */,
				7AC9A1C3231F837400DD1B55 /* KSDevice.h */,
			);
			path = "KeySharpiPhoneUtil include";
			sourceTree = "<group>";
		};
		7AC9A1C5231F837400DD1B55 /* FingerprintCertManager include */ = {
			isa = PBXGroup;
			children = (
				7AC9A1C6231F837400DD1B55 /* DeviceDetection.h */,
				7AC9A1C7231F837400DD1B55 /* FingerprintCertManager.h */,
			);
			path = "FingerprintCertManager include";
			sourceTree = "<group>";
		};
		7AC9A1C8231F837400DD1B55 /* KeySharpiPhone include */ = {
			isa = PBXGroup;
			children = (
				7AC9A1C9231F837400DD1B55 /* crypto include */,
				7AC9A208231F837400DD1B55 /* bridge include */,
			);
			path = "KeySharpiPhone include";
			sourceTree = "<group>";
		};
		7AC9A1C9231F837400DD1B55 /* crypto include */ = {
			isa = PBXGroup;
			children = (
				7AC9A1CA231F837400DD1B55 /* KSsock.h_back.h */,
				7AC9A1CB231F837400DD1B55 /* KSpkcs8Util.h */,
				7AC9A1CC231F837400DD1B55 /* KScbcmac.h */,
				7AC9A1CD231F837400DD1B55 /* KSbin.h */,
				7AC9A1CE231F837400DD1B55 /* KSrand.h */,
				7AC9A1CF231F837400DD1B55 /* KSutil.h */,
				7AC9A1D0231F837400DD1B55 /* KSprime.h */,
				7AC9A1D1231F837400DD1B55 /* KScert.h */,
				7AC9A1D2231F837400DD1B55 /* KSpkcs10.h */,
				7AC9A1D3231F837400DD1B55 /* KSdebug.h */,
				7AC9A1D4231F837400DD1B55 /* KSbigint.h */,
				7AC9A1D5231F837400DD1B55 /* KShmac.h */,
				7AC9A1D6231F837400DD1B55 /* KSpkcs1.h */,
				7AC9A1D7231F837400DD1B55 /* KSrp.h */,
				7AC9A1D8231F837400DD1B55 /* KSdessp.h */,
				7AC9A1D9231F837400DD1B55 /* KSasntypes.h */,
				7AC9A1DA231F837400DD1B55 /* prime.h */,
				7AC9A1DB231F837400DD1B55 /* KSpkcs5.h */,
				7AC9A1DC231F837400DD1B55 /* KScmperr.h */,
				7AC9A1DD231F837400DD1B55 /* KSerror.h */,
				7AC9A1DE231F837400DD1B55 /* KSdh.h */,
				7AC9A1DF231F837400DD1B55 /* KSaria.h */,
				7AC9A1E0231F837400DD1B55 /* CertManager.h */,
				7AC9A1E1231F837400DD1B55 /* KShash.h */,
				7AC9A1E2231F837400DD1B55 /* KSdes.h */,
				7AC9A1E3231F837400DD1B55 /* RA.h */,
				7AC9A1E4231F837400DD1B55 /* KSaes.h */,
				7AC9A1E5231F837400DD1B55 /* KSpkcs8.h */,
				7AC9A1E6231F837400DD1B55 /* KSaria.ct */,
				7AC9A1E7231F837400DD1B55 /* signkr.ct */,
				7AC9A1E8231F837400DD1B55 /* signgate.ct */,
				7AC9A1E9231F837400DD1B55 /* KSseed.h */,
				7AC9A1EA231F837400DD1B55 /* KSHybridEnvelop.h */,
				7AC9A1EB231F837400DD1B55 /* thread.h */,
				7AC9A1EC231F837400DD1B55 /* kisaroot.ct */,
				7AC9A1ED231F837400DD1B55 /* KSder.h */,
				7AC9A1EE231F837400DD1B55 /* KScipher.h */,
				7AC9A1EF231F837400DD1B55 /* KSpkcs12.h */,
				7AC9A1F0231F837400DD1B55 /* KSprotocol.h */,
				7AC9A1F1231F837400DD1B55 /* KSx509.h */,
				7AC9A1F2231F837400DD1B55 /* KScmp.h */,
				7AC9A1F3231F837400DD1B55 /* KSmd5.h */,
				7AC9A1F4231F837400DD1B55 /* KSkcdsa.h */,
				7AC9A1F5231F837400DD1B55 /* KSaesApi.h */,
				7AC9A1F6231F837400DD1B55 /* KSphash.h */,
				7AC9A1F7231F837400DD1B55 /* KSaesAlg.h */,
				7AC9A1F8231F837400DD1B55 /* KScmpproto.h */,
				7AC9A1F9231F837400DD1B55 /* KSsha256.h */,
				7AC9A1FA231F837400DD1B55 /* KSsock.h */,
				7AC9A1FB231F837400DD1B55 /* KSrc2.h */,
				7AC9A1FC231F837400DD1B55 /* KSsha.h */,
				7AC9A1FD231F837400DD1B55 /* KSbase64.h */,
				7AC9A1FE231F837400DD1B55 /* KShsa.h */,
				7AC9A1FF231F837400DD1B55 /* xmca.ct */,
				7AC9A200231F837400DD1B55 /* KSobigo.h */,
				7AC9A201231F837400DD1B55 /* KSdefine.h */,
				7AC9A202231F837400DD1B55 /* KStdes.h */,
				7AC9A203231F837400DD1B55 /* KScms.h */,
				7AC9A204231F837400DD1B55 /* KStcp.h */,
				7AC9A205231F837400DD1B55 /* yessign.ct */,
				7AC9A206231F837400DD1B55 /* KSoid.h */,
				7AC9A207231F837400DD1B55 /* KSclient.h */,
			);
			path = "crypto include";
			sourceTree = "<group>";
		};
		7AC9A208231F837400DD1B55 /* bridge include */ = {
			isa = PBXGroup;
			children = (
				7AC9A209231F837400DD1B55 /* FMDatabase.h */,
				7AC9A20A231F837400DD1B55 /* SignKoreaFramework */,
				7AC9A20C231F837400DD1B55 /* FMResultSet.h */,
				7AC9A20D231F837400DD1B55 /* NCCommon.h */,
				7AC9A20E231F837400DD1B55 /* BillViewController.h */,
				7AC9A20F231F837400DD1B55 /* EasyJSWebView.h */,
				7AC9A210231F837400DD1B55 /* EasyJSDataFunction.h */,
				7AC9A211231F837400DD1B55 /* Certificate.h */,
				7AC9A212231F837400DD1B55 /* EasyJSWebViewProxyDelegate.h */,
				7AC9A213231F837400DD1B55 /* CopyCertificate.h */,
				7AC9A214231F837400DD1B55 /* Util.h */,
				7AC9A215231F837400DD1B55 /* KeyChainManager.h */,
				7AC9A216231F837400DD1B55 /* KSCertManager.h */,
				7AC9A217231F837400DD1B55 /* KS2Translator.h */,
				7AC9A218231F837400DD1B55 /* FMDatabaseAdditions.h */,
				7AC9A219231F837400DD1B55 /* Logger.h */,
			);
			path = "bridge include";
			sourceTree = "<group>";
		};
		7AC9A20A231F837400DD1B55 /* SignKoreaFramework */ = {
			isa = PBXGroup;
			children = (
				7AC9A20B231F837400DD1B55 /* SignKoreaFramework.h */,
			);
			path = SignKoreaFramework;
			sourceTree = "<group>";
		};
		7AC9A21A231F837400DD1B55 /* SecureData include */ = {
			isa = PBXGroup;
			children = (
				7AC9A21B231F837400DD1B55 /* ProtectedData.h */,
				7AC9A21C231F837400DD1B55 /* SecureData.h */,
				7AC9A21D231F837400DD1B55 /* Util.h */,
				7AC9A21E231F837400DD1B55 /* NSHCData.h */,
			);
			path = "SecureData include";
			sourceTree = "<group>";
		};
		832341AE1AAA6A7D00B99B32 /* Libraries */ = {
			isa = PBXGroup;
			children = (
				7AC9A1BC231F837400DD1B55 /* Library */,
			);
			name = Libraries;
			sourceTree = "<group>";
		};
		83CBB9F61A601CBA00E9B192 = {
			isa = PBXGroup;
			children = (
				13B07FAE1A68108700A75B9A /* zzunda */,
				832341AE1AAA6A7D00B99B32 /* Libraries */,
				00E356EF1AD99517003FC87E /* zzundaTests */,
				83CBBA001A601CBA00E9B192 /* Products */,
				2D16E6871FA4F8E400B85C8A /* Frameworks */,
				54735C8484DA017249579CA3 /* Pods */,
			);
			indentWidth = 2;
			sourceTree = "<group>";
			tabWidth = 2;
			usesTabs = 0;
		};
		83CBBA001A601CBA00E9B192 /* Products */ = {
			isa = PBXGroup;
			children = (
				13B07F961A680F5B00A75B9A /* zzunda.app */,
				00E356EE1AD99517003FC87E /* zzundaTests.xctest */,
				2D02E47B1E0B4A5D006451C7 /* zzunda-tvOS.app */,
				2D02E4901E0B4A5D006451C7 /* zzunda-tvOSTests.xctest */,
			);
			name = Products;
			sourceTree = "<group>";
		};
/* End PBXGroup section */

/* Begin PBXNativeTarget section */
		00E356ED1AD99517003FC87E /* zzundaTests */ = {
			isa = PBXNativeTarget;
			buildConfigurationList = 00E357021AD99517003FC87E /* Build configuration list for PBXNativeTarget "zzundaTests" */;
			buildPhases = (
				38166AA68CF6367413684061 /* [CP] Check Pods Manifest.lock */,
				00E356EA1AD99517003FC87E /* Sources */,
				00E356EB1AD99517003FC87E /* Frameworks */,
				00E356EC1AD99517003FC87E /* Resources */,
			);
			buildRules = (
			);
			dependencies = (
				00E356F51AD99517003FC87E /* PBXTargetDependency */,
			);
			name = zzundaTests;
			productName = zzundaTests;
			productReference = 00E356EE1AD99517003FC87E /* zzundaTests.xctest */;
			productType = "com.apple.product-type.bundle.unit-test";
		};
		13B07F861A680F5B00A75B9A /* zzunda */ = {
			isa = PBXNativeTarget;
			buildConfigurationList = 13B07F931A680F5B00A75B9A /* Build configuration list for PBXNativeTarget "zzunda" */;
			buildPhases = (
				B583079117C0C95BEA4B2DDD /* [CP] Check Pods Manifest.lock */,
				FD10A7F022414F080027D42C /* Start Packager */,
				13B07F871A680F5B00A75B9A /* Sources */,
				13B07F8C1A680F5B00A75B9A /* Frameworks */,
				13B07F8E1A680F5B00A75B9A /* Resources */,
				00DD1BFF1BD5951E006B06BC /* Bundle React Native code and images */,
			);
			buildRules = (
			);
			dependencies = (
			);
			name = zzunda;
			productName = zzunda;
			productReference = 13B07F961A680F5B00A75B9A /* zzunda.app */;
			productType = "com.apple.product-type.application";
		};
		2D02E47A1E0B4A5D006451C7 /* zzunda-tvOS */ = {
			isa = PBXNativeTarget;
			buildConfigurationList = 2D02E4BA1E0B4A5E006451C7 /* Build configuration list for PBXNativeTarget "zzunda-tvOS" */;
			buildPhases = (
				BFAB681993BB767CBE21F572 /* [CP] Check Pods Manifest.lock */,
				FD10A7F122414F3F0027D42C /* Start Packager */,
				2D02E4771E0B4A5D006451C7 /* Sources */,
				2D02E4781E0B4A5D006451C7 /* Frameworks */,
				2D02E4791E0B4A5D006451C7 /* Resources */,
				2D02E4CB1E0B4B27006451C7 /* Bundle React Native Code And Images */,
			);
			buildRules = (
			);
			dependencies = (
			);
			name = "zzunda-tvOS";
			productName = "zzunda-tvOS";
			productReference = 2D02E47B1E0B4A5D006451C7 /* zzunda-tvOS.app */;
			productType = "com.apple.product-type.application";
		};
		2D02E48F1E0B4A5D006451C7 /* zzunda-tvOSTests */ = {
			isa = PBXNativeTarget;
			buildConfigurationList = 2D02E4BB1E0B4A5E006451C7 /* Build configuration list for PBXNativeTarget "zzunda-tvOSTests" */;
			buildPhases = (
				2DD4C3A726B7913E24275774 /* [CP] Check Pods Manifest.lock */,
				2D02E48C1E0B4A5D006451C7 /* Sources */,
				2D02E48D1E0B4A5D006451C7 /* Frameworks */,
				2D02E48E1E0B4A5D006451C7 /* Resources */,
			);
			buildRules = (
			);
			dependencies = (
				2D02E4921E0B4A5D006451C7 /* PBXTargetDependency */,
			);
			name = "zzunda-tvOSTests";
			productName = "zzunda-tvOSTests";
			productReference = 2D02E4901E0B4A5D006451C7 /* zzunda-tvOSTests.xctest */;
			productType = "com.apple.product-type.bundle.unit-test";
		};
/* End PBXNativeTarget section */

/* Begin PBXProject section */
		83CBB9F71A601CBA00E9B192 /* Project object */ = {
			isa = PBXProject;
			attributes = {
				LastUpgradeCheck = 0940;
				ORGANIZATIONNAME = Facebook;
				TargetAttributes = {
					00E356ED1AD99517003FC87E = {
						CreatedOnToolsVersion = 6.2;
						DevelopmentTeam = VPGC675C4U;
						TestTargetID = 13B07F861A680F5B00A75B9A;
					};
					13B07F861A680F5B00A75B9A = {
						DevelopmentTeam = VPGC675C4U;
						LastSwiftMigration = 1030;
					};
					2D02E47A1E0B4A5D006451C7 = {
						CreatedOnToolsVersion = 8.2.1;
						ProvisioningStyle = Automatic;
					};
					2D02E48F1E0B4A5D006451C7 = {
						CreatedOnToolsVersion = 8.2.1;
						ProvisioningStyle = Automatic;
						TestTargetID = 2D02E47A1E0B4A5D006451C7;
					};
				};
			};
			buildConfigurationList = 83CBB9FA1A601CBA00E9B192 /* Build configuration list for PBXProject "zzunda" */;
			compatibilityVersion = "Xcode 3.2";
			developmentRegion = English;
			hasScannedForEncodings = 0;
			knownRegions = (
				English,
				en,
				Base,
			);
			mainGroup = 83CBB9F61A601CBA00E9B192;
			productRefGroup = 83CBBA001A601CBA00E9B192 /* Products */;
			projectDirPath = "";
			projectRoot = "";
			targets = (
				13B07F861A680F5B00A75B9A /* zzunda */,
				00E356ED1AD99517003FC87E /* zzundaTests */,
				2D02E47A1E0B4A5D006451C7 /* zzunda-tvOS */,
				2D02E48F1E0B4A5D006451C7 /* zzunda-tvOSTests */,
			);
		};
/* End PBXProject section */

/* Begin PBXResourcesBuildPhase section */
		00E356EC1AD99517003FC87E /* Resources */ = {
			isa = PBXResourcesBuildPhase;
			buildActionMask = 2147483647;
			files = (
			);
			runOnlyForDeploymentPostprocessing = 0;
		};
		13B07F8E1A680F5B00A75B9A /* Resources */ = {
			isa = PBXResourcesBuildPhase;
			buildActionMask = 2147483647;
			files = (
				7AC9A223231F837400DD1B55 /* signkr.ct in Resources */,
				7AC9A227231F837400DD1B55 /* yessign.ct in Resources */,
				7AC9A222231F837400DD1B55 /* KSaria.ct in Resources */,
				7AC9A224231F837400DD1B55 /* signgate.ct in Resources */,
				13B07FBF1A68108700A75B9A /* Images.xcassets in Resources */,
				7AC9A226231F837400DD1B55 /* xmca.ct in Resources */,
				7AC9A225231F837400DD1B55 /* kisaroot.ct in Resources */,
				13B07FBD1A68108700A75B9A /* LaunchScreen.xib in Resources */,
			);
			runOnlyForDeploymentPostprocessing = 0;
		};
		2D02E4791E0B4A5D006451C7 /* Resources */ = {
			isa = PBXResourcesBuildPhase;
			buildActionMask = 2147483647;
			files = (
				2D02E4BD1E0B4A84006451C7 /* Images.xcassets in Resources */,
			);
			runOnlyForDeploymentPostprocessing = 0;
		};
		2D02E48E1E0B4A5D006451C7 /* Resources */ = {
			isa = PBXResourcesBuildPhase;
			buildActionMask = 2147483647;
			files = (
			);
			runOnlyForDeploymentPostprocessing = 0;
		};
/* End PBXResourcesBuildPhase section */

/* Begin PBXShellScriptBuildPhase section */
		00DD1BFF1BD5951E006B06BC /* Bundle React Native code and images */ = {
			isa = PBXShellScriptBuildPhase;
			buildActionMask = 2147483647;
			files = (
			);
			inputPaths = (
			);
			name = "Bundle React Native code and images";
			outputPaths = (
			);
			runOnlyForDeploymentPostprocessing = 0;
			shellPath = /bin/sh;
			shellScript = "export NODE_BINARY=node\n../node_modules/react-native/scripts/react-native-xcode.sh";
		};
		2D02E4CB1E0B4B27006451C7 /* Bundle React Native Code And Images */ = {
			isa = PBXShellScriptBuildPhase;
			buildActionMask = 2147483647;
			files = (
			);
			inputPaths = (
			);
			name = "Bundle React Native Code And Images";
			outputPaths = (
			);
			runOnlyForDeploymentPostprocessing = 0;
			shellPath = /bin/sh;
			shellScript = "export NODE_BINARY=node\n../node_modules/react-native/scripts/react-native-xcode.sh";
		};
		2DD4C3A726B7913E24275774 /* [CP] Check Pods Manifest.lock */ = {
			isa = PBXShellScriptBuildPhase;
			buildActionMask = 2147483647;
			files = (
			);
			inputFileListPaths = (
			);
			inputPaths = (
				"${PODS_PODFILE_DIR_PATH}/Podfile.lock",
				"${PODS_ROOT}/Manifest.lock",
			);
			name = "[CP] Check Pods Manifest.lock";
			outputFileListPaths = (
			);
			outputPaths = (
				"$(DERIVED_FILE_DIR)/Pods-zzunda-tvOSTests-checkManifestLockResult.txt",
			);
			runOnlyForDeploymentPostprocessing = 0;
			shellPath = /bin/sh;
			shellScript = "diff \"${PODS_PODFILE_DIR_PATH}/Podfile.lock\" \"${PODS_ROOT}/Manifest.lock\" > /dev/null\nif [ $? != 0 ] ; then\n    # print error to STDERR\n    echo \"error: The sandbox is not in sync with the Podfile.lock. Run 'pod install' or update your CocoaPods installation.\" >&2\n    exit 1\nfi\n# This output is used by Xcode 'outputs' to avoid re-running this script phase.\necho \"SUCCESS\" > \"${SCRIPT_OUTPUT_FILE_0}\"\n";
			showEnvVarsInLog = 0;
		};
		38166AA68CF6367413684061 /* [CP] Check Pods Manifest.lock */ = {
			isa = PBXShellScriptBuildPhase;
			buildActionMask = 2147483647;
			files = (
			);
			inputFileListPaths = (
			);
			inputPaths = (
				"${PODS_PODFILE_DIR_PATH}/Podfile.lock",
				"${PODS_ROOT}/Manifest.lock",
			);
			name = "[CP] Check Pods Manifest.lock";
			outputFileListPaths = (
			);
			outputPaths = (
				"$(DERIVED_FILE_DIR)/Pods-zzundaTests-checkManifestLockResult.txt",
			);
			runOnlyForDeploymentPostprocessing = 0;
			shellPath = /bin/sh;
			shellScript = "diff \"${PODS_PODFILE_DIR_PATH}/Podfile.lock\" \"${PODS_ROOT}/Manifest.lock\" > /dev/null\nif [ $? != 0 ] ; then\n    # print error to STDERR\n    echo \"error: The sandbox is not in sync with the Podfile.lock. Run 'pod install' or update your CocoaPods installation.\" >&2\n    exit 1\nfi\n# This output is used by Xcode 'outputs' to avoid re-running this script phase.\necho \"SUCCESS\" > \"${SCRIPT_OUTPUT_FILE_0}\"\n";
			showEnvVarsInLog = 0;
		};
		B583079117C0C95BEA4B2DDD /* [CP] Check Pods Manifest.lock */ = {
			isa = PBXShellScriptBuildPhase;
			buildActionMask = 2147483647;
			files = (
			);
			inputFileListPaths = (
			);
			inputPaths = (
				"${PODS_PODFILE_DIR_PATH}/Podfile.lock",
				"${PODS_ROOT}/Manifest.lock",
			);
			name = "[CP] Check Pods Manifest.lock";
			outputFileListPaths = (
			);
			outputPaths = (
				"$(DERIVED_FILE_DIR)/Pods-zzunda-checkManifestLockResult.txt",
			);
			runOnlyForDeploymentPostprocessing = 0;
			shellPath = /bin/sh;
			shellScript = "diff \"${PODS_PODFILE_DIR_PATH}/Podfile.lock\" \"${PODS_ROOT}/Manifest.lock\" > /dev/null\nif [ $? != 0 ] ; then\n    # print error to STDERR\n    echo \"error: The sandbox is not in sync with the Podfile.lock. Run 'pod install' or update your CocoaPods installation.\" >&2\n    exit 1\nfi\n# This output is used by Xcode 'outputs' to avoid re-running this script phase.\necho \"SUCCESS\" > \"${SCRIPT_OUTPUT_FILE_0}\"\n";
			showEnvVarsInLog = 0;
		};
		BFAB681993BB767CBE21F572 /* [CP] Check Pods Manifest.lock */ = {
			isa = PBXShellScriptBuildPhase;
			buildActionMask = 2147483647;
			files = (
			);
			inputFileListPaths = (
			);
			inputPaths = (
				"${PODS_PODFILE_DIR_PATH}/Podfile.lock",
				"${PODS_ROOT}/Manifest.lock",
			);
			name = "[CP] Check Pods Manifest.lock";
			outputFileListPaths = (
			);
			outputPaths = (
				"$(DERIVED_FILE_DIR)/Pods-zzunda-tvOS-checkManifestLockResult.txt",
			);
			runOnlyForDeploymentPostprocessing = 0;
			shellPath = /bin/sh;
			shellScript = "diff \"${PODS_PODFILE_DIR_PATH}/Podfile.lock\" \"${PODS_ROOT}/Manifest.lock\" > /dev/null\nif [ $? != 0 ] ; then\n    # print error to STDERR\n    echo \"error: The sandbox is not in sync with the Podfile.lock. Run 'pod install' or update your CocoaPods installation.\" >&2\n    exit 1\nfi\n# This output is used by Xcode 'outputs' to avoid re-running this script phase.\necho \"SUCCESS\" > \"${SCRIPT_OUTPUT_FILE_0}\"\n";
			showEnvVarsInLog = 0;
		};
		FD10A7F022414F080027D42C /* Start Packager */ = {
			isa = PBXShellScriptBuildPhase;
			buildActionMask = 2147483647;
			files = (
			);
			inputFileListPaths = (
			);
			inputPaths = (
			);
			name = "Start Packager";
			outputFileListPaths = (
			);
			outputPaths = (
			);
			runOnlyForDeploymentPostprocessing = 0;
			shellPath = /bin/sh;
			shellScript = "export RCT_METRO_PORT=\"${RCT_METRO_PORT:=8081}\"\necho \"export RCT_METRO_PORT=${RCT_METRO_PORT}\" > \"${SRCROOT}/../node_modules/react-native/scripts/.packager.env\"\nif [ -z \"${RCT_NO_LAUNCH_PACKAGER+xxx}\" ] ; then\n  if nc -w 5 -z localhost ${RCT_METRO_PORT} ; then\n    if ! curl -s \"http://localhost:${RCT_METRO_PORT}/status\" | grep -q \"packager-status:running\" ; then\n      echo \"Port ${RCT_METRO_PORT} already in use, packager is either not running or not running correctly\"\n      exit 2\n    fi\n  else\n    open \"$SRCROOT/../node_modules/react-native/scripts/launchPackager.command\" || echo \"Can't start packager automatically\"\n  fi\nfi\n";
			showEnvVarsInLog = 0;
		};
		FD10A7F122414F3F0027D42C /* Start Packager */ = {
			isa = PBXShellScriptBuildPhase;
			buildActionMask = 2147483647;
			files = (
			);
			inputFileListPaths = (
			);
			inputPaths = (
			);
			name = "Start Packager";
			outputFileListPaths = (
			);
			outputPaths = (
			);
			runOnlyForDeploymentPostprocessing = 0;
			shellPath = /bin/sh;
			shellScript = "export RCT_METRO_PORT=\"${RCT_METRO_PORT:=8081}\"\necho \"export RCT_METRO_PORT=${RCT_METRO_PORT}\" > \"${SRCROOT}/../node_modules/react-native/scripts/.packager.env\"\nif [ -z \"${RCT_NO_LAUNCH_PACKAGER+xxx}\" ] ; then\n  if nc -w 5 -z localhost ${RCT_METRO_PORT} ; then\n    if ! curl -s \"http://localhost:${RCT_METRO_PORT}/status\" | grep -q \"packager-status:running\" ; then\n      echo \"Port ${RCT_METRO_PORT} already in use, packager is either not running or not running correctly\"\n      exit 2\n    fi\n  else\n    open \"$SRCROOT/../node_modules/react-native/scripts/launchPackager.command\" || echo \"Can't start packager automatically\"\n  fi\nfi\n";
			showEnvVarsInLog = 0;
		};
/* End PBXShellScriptBuildPhase section */

/* Begin PBXSourcesBuildPhase section */
		00E356EA1AD99517003FC87E /* Sources */ = {
			isa = PBXSourcesBuildPhase;
			buildActionMask = 2147483647;
			files = (
				00E356F31AD99517003FC87E /* zzundaTests.m in Sources */,
			);
			runOnlyForDeploymentPostprocessing = 0;
		};
		13B07F871A680F5B00A75B9A /* Sources */ = {
			isa = PBXSourcesBuildPhase;
			buildActionMask = 2147483647;
			files = (
				13B07FBC1A68108700A75B9A /* AppDelegate.m in Sources */,
				7AC9A0E8231F7C8700DD1B55 /* GetCertificateCode.m in Sources */,
				7AC9A0E6231F7C1900DD1B55 /* GetCertificateCode.swift in Sources */,
				13B07FC11A68108700A75B9A /* main.m in Sources */,
			);
			runOnlyForDeploymentPostprocessing = 0;
		};
		2D02E4771E0B4A5D006451C7 /* Sources */ = {
			isa = PBXSourcesBuildPhase;
			buildActionMask = 2147483647;
			files = (
				2D02E4BF1E0B4AB3006451C7 /* main.m in Sources */,
				2D02E4BC1E0B4A80006451C7 /* AppDelegate.m in Sources */,
			);
			runOnlyForDeploymentPostprocessing = 0;
		};
		2D02E48C1E0B4A5D006451C7 /* Sources */ = {
			isa = PBXSourcesBuildPhase;
			buildActionMask = 2147483647;
			files = (
				2DCD954D1E0B4F2C00145EB5 /* zzundaTests.m in Sources */,
			);
			runOnlyForDeploymentPostprocessing = 0;
		};
/* End PBXSourcesBuildPhase section */

/* Begin PBXTargetDependency section */
		00E356F51AD99517003FC87E /* PBXTargetDependency */ = {
			isa = PBXTargetDependency;
			target = 13B07F861A680F5B00A75B9A /* zzunda */;
			targetProxy = 00E356F41AD99517003FC87E /* PBXContainerItemProxy */;
		};
		2D02E4921E0B4A5D006451C7 /* PBXTargetDependency */ = {
			isa = PBXTargetDependency;
			target = 2D02E47A1E0B4A5D006451C7 /* zzunda-tvOS */;
			targetProxy = 2D02E4911E0B4A5D006451C7 /* PBXContainerItemProxy */;
		};
/* End PBXTargetDependency section */

/* Begin PBXVariantGroup section */
		13B07FB11A68108700A75B9A /* LaunchScreen.xib */ = {
			isa = PBXVariantGroup;
			children = (
				13B07FB21A68108700A75B9A /* Base */,
			);
			name = LaunchScreen.xib;
			path = zzunda;
			sourceTree = "<group>";
		};
/* End PBXVariantGroup section */

/* Begin XCBuildConfiguration section */
		00E356F61AD99517003FC87E /* Debug */ = {
			isa = XCBuildConfiguration;
			baseConfigurationReference = 3EFD18AAF3F1E6A86ABA128E /* Pods-zzundaTests.debug.xcconfig */;
			buildSettings = {
				ALWAYS_EMBED_SWIFT_STANDARD_LIBRARIES = YES;
				BUNDLE_LOADER = "$(TEST_HOST)";
				DEVELOPMENT_TEAM = VPGC675C4U;
				GCC_PREPROCESSOR_DEFINITIONS = (
					"DEBUG=1",
					"$(inherited)",
				);
				INFOPLIST_FILE = zzundaTests/Info.plist;
				IPHONEOS_DEPLOYMENT_TARGET = 9.0;
				LD_RUNPATH_SEARCH_PATHS = "$(inherited) @executable_path/Frameworks @loader_path/Frameworks";
				OTHER_LDFLAGS = (
					"-ObjC",
					"-lc++",
					"$(inherited)",
				);
				PRODUCT_BUNDLE_IDENTIFIER = "org.reactjs.native.example.$(PRODUCT_NAME:rfc1034identifier)";
				PRODUCT_NAME = "$(TARGET_NAME)";
				TEST_HOST = "$(BUILT_PRODUCTS_DIR)/zzunda.app/zzunda";
			};
			name = Debug;
		};
		00E356F71AD99517003FC87E /* Release */ = {
			isa = XCBuildConfiguration;
			baseConfigurationReference = 3AFA702A19B79898C15D80BE /* Pods-zzundaTests.release.xcconfig */;
			buildSettings = {
				ALWAYS_EMBED_SWIFT_STANDARD_LIBRARIES = YES;
				BUNDLE_LOADER = "$(TEST_HOST)";
				COPY_PHASE_STRIP = NO;
				DEVELOPMENT_TEAM = VPGC675C4U;
				INFOPLIST_FILE = zzundaTests/Info.plist;
				IPHONEOS_DEPLOYMENT_TARGET = 9.0;
				LD_RUNPATH_SEARCH_PATHS = "$(inherited) @executable_path/Frameworks @loader_path/Frameworks";
				OTHER_LDFLAGS = (
					"-ObjC",
					"-lc++",
					"$(inherited)",
				);
				PRODUCT_BUNDLE_IDENTIFIER = "org.reactjs.native.example.$(PRODUCT_NAME:rfc1034identifier)";
				PRODUCT_NAME = "$(TARGET_NAME)";
				TEST_HOST = "$(BUILT_PRODUCTS_DIR)/zzunda.app/zzunda";
			};
			name = Release;
		};
		13B07F941A680F5B00A75B9A /* Debug */ = {
			isa = XCBuildConfiguration;
			baseConfigurationReference = A53DA2FB683CC290AC0B6BE0 /* Pods-zzunda.debug.xcconfig */;
			buildSettings = {
				ASSETCATALOG_COMPILER_APPICON_NAME = AppIcon;
				CLANG_ENABLE_MODULES = YES;
				CURRENT_PROJECT_VERSION = 1;
				DEAD_CODE_STRIPPING = NO;
				DEVELOPMENT_TEAM = VPGC675C4U;
				ENABLE_BITCODE = NO;
				INFOPLIST_FILE = zzunda/Info.plist;
				LD_RUNPATH_SEARCH_PATHS = "$(inherited) @executable_path/Frameworks";
				LIBRARY_SEARCH_PATHS = (
					"$(inherited)",
					"$(PROJECT_DIR)$(LOCAL_LIBRARY_DIR)/Certificate/SignKorea",
				);
				OTHER_LDFLAGS = (
					"$(inherited)",
					"-ObjC",
					"-lc++",
				);
				PRODUCT_BUNDLE_IDENTIFIER = "org.reactjs.native.example.$(PRODUCT_NAME:rfc1034identifier)";
				PRODUCT_NAME = zzunda;
				SWIFT_OBJC_BRIDGING_HEADER = "zzunda-Bridging-Header.h";
				SWIFT_OPTIMIZATION_LEVEL = "-Onone";
				SWIFT_VERSION = 5.0;
				VERSIONING_SYSTEM = "apple-generic";
			};
			name = Debug;
		};
		13B07F951A680F5B00A75B9A /* Release */ = {
			isa = XCBuildConfiguration;
			baseConfigurationReference = 696D30F3E69532E90010E98C /* Pods-zzunda.release.xcconfig */;
			buildSettings = {
				ASSETCATALOG_COMPILER_APPICON_NAME = AppIcon;
				CLANG_ENABLE_MODULES = YES;
				CURRENT_PROJECT_VERSION = 1;
				DEVELOPMENT_TEAM = VPGC675C4U;
				ENABLE_BITCODE = NO;
				INFOPLIST_FILE = zzunda/Info.plist;
				LD_RUNPATH_SEARCH_PATHS = "$(inherited) @executable_path/Frameworks";
				LIBRARY_SEARCH_PATHS = (
					"$(inherited)",
					"$(PROJECT_DIR)$(LOCAL_LIBRARY_DIR)/Certificate/SignKorea",
				);
				OTHER_LDFLAGS = (
					"$(inherited)",
					"-ObjC",
					"-lc++",
				);
				PRODUCT_BUNDLE_IDENTIFIER = "org.reactjs.native.example.$(PRODUCT_NAME:rfc1034identifier)";
				PRODUCT_NAME = zzunda;
				SWIFT_OBJC_BRIDGING_HEADER = "zzunda-Bridging-Header.h";
				SWIFT_VERSION = 5.0;
				VERSIONING_SYSTEM = "apple-generic";
			};
			name = Release;
		};
		2D02E4971E0B4A5E006451C7 /* Debug */ = {
			isa = XCBuildConfiguration;
			baseConfigurationReference = AC1E7F0069FBCD4CABC196E0 /* Pods-zzunda-tvOS.debug.xcconfig */;
			buildSettings = {
				ASSETCATALOG_COMPILER_APPICON_NAME = "App Icon & Top Shelf Image";
				ASSETCATALOG_COMPILER_LAUNCHIMAGE_NAME = LaunchImage;
				CLANG_ANALYZER_NONNULL = YES;
				CLANG_WARN_DOCUMENTATION_COMMENTS = YES;
				CLANG_WARN_INFINITE_RECURSION = YES;
				CLANG_WARN_SUSPICIOUS_MOVE = YES;
				DEBUG_INFORMATION_FORMAT = dwarf;
				ENABLE_TESTABILITY = YES;
				GCC_NO_COMMON_BLOCKS = YES;
				INFOPLIST_FILE = "zzunda-tvOS/Info.plist";
				LD_RUNPATH_SEARCH_PATHS = "$(inherited) @executable_path/Frameworks";
				OTHER_LDFLAGS = (
					"$(inherited)",
					"-ObjC",
					"-lc++",
				);
				PRODUCT_BUNDLE_IDENTIFIER = "com.facebook.REACT.zzunda-tvOS";
				PRODUCT_NAME = "$(TARGET_NAME)";
				SDKROOT = appletvos;
				TARGETED_DEVICE_FAMILY = 3;
				TVOS_DEPLOYMENT_TARGET = 9.2;
			};
			name = Debug;
		};
		2D02E4981E0B4A5E006451C7 /* Release */ = {
			isa = XCBuildConfiguration;
			baseConfigurationReference = 04246051B78C7850E19E94D2 /* Pods-zzunda-tvOS.release.xcconfig */;
			buildSettings = {
				ASSETCATALOG_COMPILER_APPICON_NAME = "App Icon & Top Shelf Image";
				ASSETCATALOG_COMPILER_LAUNCHIMAGE_NAME = LaunchImage;
				CLANG_ANALYZER_NONNULL = YES;
				CLANG_WARN_DOCUMENTATION_COMMENTS = YES;
				CLANG_WARN_INFINITE_RECURSION = YES;
				CLANG_WARN_SUSPICIOUS_MOVE = YES;
				COPY_PHASE_STRIP = NO;
				DEBUG_INFORMATION_FORMAT = "dwarf-with-dsym";
				GCC_NO_COMMON_BLOCKS = YES;
				INFOPLIST_FILE = "zzunda-tvOS/Info.plist";
				LD_RUNPATH_SEARCH_PATHS = "$(inherited) @executable_path/Frameworks";
				OTHER_LDFLAGS = (
					"$(inherited)",
					"-ObjC",
					"-lc++",
				);
				PRODUCT_BUNDLE_IDENTIFIER = "com.facebook.REACT.zzunda-tvOS";
				PRODUCT_NAME = "$(TARGET_NAME)";
				SDKROOT = appletvos;
				TARGETED_DEVICE_FAMILY = 3;
				TVOS_DEPLOYMENT_TARGET = 9.2;
			};
			name = Release;
		};
		2D02E4991E0B4A5E006451C7 /* Debug */ = {
			isa = XCBuildConfiguration;
			baseConfigurationReference = FD663D442829A458726A10AC /* Pods-zzunda-tvOSTests.debug.xcconfig */;
			buildSettings = {
				BUNDLE_LOADER = "$(TEST_HOST)";
				CLANG_ANALYZER_NONNULL = YES;
				CLANG_WARN_DOCUMENTATION_COMMENTS = YES;
				CLANG_WARN_INFINITE_RECURSION = YES;
				CLANG_WARN_SUSPICIOUS_MOVE = YES;
				DEBUG_INFORMATION_FORMAT = dwarf;
				ENABLE_TESTABILITY = YES;
				GCC_NO_COMMON_BLOCKS = YES;
				INFOPLIST_FILE = "zzunda-tvOSTests/Info.plist";
				LD_RUNPATH_SEARCH_PATHS = "$(inherited) @executable_path/Frameworks @loader_path/Frameworks";
				OTHER_LDFLAGS = (
					"$(inherited)",
					"-ObjC",
					"-lc++",
				);
				PRODUCT_BUNDLE_IDENTIFIER = "com.facebook.REACT.zzunda-tvOSTests";
				PRODUCT_NAME = "$(TARGET_NAME)";
				SDKROOT = appletvos;
				TEST_HOST = "$(BUILT_PRODUCTS_DIR)/zzunda-tvOS.app/zzunda-tvOS";
				TVOS_DEPLOYMENT_TARGET = 10.1;
			};
			name = Debug;
		};
		2D02E49A1E0B4A5E006451C7 /* Release */ = {
			isa = XCBuildConfiguration;
			baseConfigurationReference = 3B528164E01D63E0EF19FDBE /* Pods-zzunda-tvOSTests.release.xcconfig */;
			buildSettings = {
				BUNDLE_LOADER = "$(TEST_HOST)";
				CLANG_ANALYZER_NONNULL = YES;
				CLANG_WARN_DOCUMENTATION_COMMENTS = YES;
				CLANG_WARN_INFINITE_RECURSION = YES;
				CLANG_WARN_SUSPICIOUS_MOVE = YES;
				COPY_PHASE_STRIP = NO;
				DEBUG_INFORMATION_FORMAT = "dwarf-with-dsym";
				GCC_NO_COMMON_BLOCKS = YES;
				INFOPLIST_FILE = "zzunda-tvOSTests/Info.plist";
				LD_RUNPATH_SEARCH_PATHS = "$(inherited) @executable_path/Frameworks @loader_path/Frameworks";
				OTHER_LDFLAGS = (
					"$(inherited)",
					"-ObjC",
					"-lc++",
				);
				PRODUCT_BUNDLE_IDENTIFIER = "com.facebook.REACT.zzunda-tvOSTests";
				PRODUCT_NAME = "$(TARGET_NAME)";
				SDKROOT = appletvos;
				TEST_HOST = "$(BUILT_PRODUCTS_DIR)/zzunda-tvOS.app/zzunda-tvOS";
				TVOS_DEPLOYMENT_TARGET = 10.1;
			};
			name = Release;
		};
		83CBBA201A601CBA00E9B192 /* Debug */ = {
			isa = XCBuildConfiguration;
			buildSettings = {
				ALWAYS_SEARCH_USER_PATHS = NO;
				CLANG_CXX_LANGUAGE_STANDARD = "gnu++0x";
				CLANG_CXX_LIBRARY = "libc++";
				CLANG_ENABLE_MODULES = YES;
				CLANG_ENABLE_OBJC_ARC = YES;
				CLANG_WARN_BLOCK_CAPTURE_AUTORELEASING = YES;
				CLANG_WARN_BOOL_CONVERSION = YES;
				CLANG_WARN_COMMA = YES;
				CLANG_WARN_CONSTANT_CONVERSION = YES;
				CLANG_WARN_DEPRECATED_OBJC_IMPLEMENTATIONS = YES;
				CLANG_WARN_DIRECT_OBJC_ISA_USAGE = YES_ERROR;
				CLANG_WARN_EMPTY_BODY = YES;
				CLANG_WARN_ENUM_CONVERSION = YES;
				CLANG_WARN_INFINITE_RECURSION = YES;
				CLANG_WARN_INT_CONVERSION = YES;
				CLANG_WARN_NON_LITERAL_NULL_CONVERSION = YES;
				CLANG_WARN_OBJC_IMPLICIT_RETAIN_SELF = YES;
				CLANG_WARN_OBJC_LITERAL_CONVERSION = YES;
				CLANG_WARN_OBJC_ROOT_CLASS = YES_ERROR;
				CLANG_WARN_RANGE_LOOP_ANALYSIS = YES;
				CLANG_WARN_STRICT_PROTOTYPES = YES;
				CLANG_WARN_SUSPICIOUS_MOVE = YES;
				CLANG_WARN_UNREACHABLE_CODE = YES;
				CLANG_WARN__DUPLICATE_METHOD_MATCH = YES;
				"CODE_SIGN_IDENTITY[sdk=iphoneos*]" = "iPhone Developer";
				COPY_PHASE_STRIP = NO;
				ENABLE_STRICT_OBJC_MSGSEND = YES;
				ENABLE_TESTABILITY = YES;
				GCC_C_LANGUAGE_STANDARD = gnu99;
				GCC_DYNAMIC_NO_PIC = NO;
				GCC_NO_COMMON_BLOCKS = YES;
				GCC_OPTIMIZATION_LEVEL = 0;
				GCC_PREPROCESSOR_DEFINITIONS = (
					"DEBUG=1",
					"$(inherited)",
				);
				GCC_SYMBOLS_PRIVATE_EXTERN = NO;
				GCC_WARN_64_TO_32_BIT_CONVERSION = YES;
				GCC_WARN_ABOUT_RETURN_TYPE = YES_ERROR;
				GCC_WARN_UNDECLARED_SELECTOR = YES;
				GCC_WARN_UNINITIALIZED_AUTOS = YES_AGGRESSIVE;
				GCC_WARN_UNUSED_FUNCTION = YES;
				GCC_WARN_UNUSED_VARIABLE = YES;
				IPHONEOS_DEPLOYMENT_TARGET = 9.0;
				MTL_ENABLE_DEBUG_INFO = YES;
				ONLY_ACTIVE_ARCH = YES;
				SDKROOT = iphoneos;
			};
			name = Debug;
		};
		83CBBA211A601CBA00E9B192 /* Release */ = {
			isa = XCBuildConfiguration;
			buildSettings = {
				ALWAYS_SEARCH_USER_PATHS = NO;
				CLANG_CXX_LANGUAGE_STANDARD = "gnu++0x";
				CLANG_CXX_LIBRARY = "libc++";
				CLANG_ENABLE_MODULES = YES;
				CLANG_ENABLE_OBJC_ARC = YES;
				CLANG_WARN_BLOCK_CAPTURE_AUTORELEASING = YES;
				CLANG_WARN_BOOL_CONVERSION = YES;
				CLANG_WARN_COMMA = YES;
				CLANG_WARN_CONSTANT_CONVERSION = YES;
				CLANG_WARN_DEPRECATED_OBJC_IMPLEMENTATIONS = YES;
				CLANG_WARN_DIRECT_OBJC_ISA_USAGE = YES_ERROR;
				CLANG_WARN_EMPTY_BODY = YES;
				CLANG_WARN_ENUM_CONVERSION = YES;
				CLANG_WARN_INFINITE_RECURSION = YES;
				CLANG_WARN_INT_CONVERSION = YES;
				CLANG_WARN_NON_LITERAL_NULL_CONVERSION = YES;
				CLANG_WARN_OBJC_IMPLICIT_RETAIN_SELF = YES;
				CLANG_WARN_OBJC_LITERAL_CONVERSION = YES;
				CLANG_WARN_OBJC_ROOT_CLASS = YES_ERROR;
				CLANG_WARN_RANGE_LOOP_ANALYSIS = YES;
				CLANG_WARN_STRICT_PROTOTYPES = YES;
				CLANG_WARN_SUSPICIOUS_MOVE = YES;
				CLANG_WARN_UNREACHABLE_CODE = YES;
				CLANG_WARN__DUPLICATE_METHOD_MATCH = YES;
				"CODE_SIGN_IDENTITY[sdk=iphoneos*]" = "iPhone Developer";
				COPY_PHASE_STRIP = YES;
				ENABLE_NS_ASSERTIONS = NO;
				ENABLE_STRICT_OBJC_MSGSEND = YES;
				GCC_C_LANGUAGE_STANDARD = gnu99;
				GCC_NO_COMMON_BLOCKS = YES;
				GCC_WARN_64_TO_32_BIT_CONVERSION = YES;
				GCC_WARN_ABOUT_RETURN_TYPE = YES_ERROR;
				GCC_WARN_UNDECLARED_SELECTOR = YES;
				GCC_WARN_UNINITIALIZED_AUTOS = YES_AGGRESSIVE;
				GCC_WARN_UNUSED_FUNCTION = YES;
				GCC_WARN_UNUSED_VARIABLE = YES;
				IPHONEOS_DEPLOYMENT_TARGET = 9.0;
				MTL_ENABLE_DEBUG_INFO = NO;
				SDKROOT = iphoneos;
				VALIDATE_PRODUCT = YES;
			};
			name = Release;
		};
/* End XCBuildConfiguration section */

/* Begin XCConfigurationList section */
		00E357021AD99517003FC87E /* Build configuration list for PBXNativeTarget "zzundaTests" */ = {
			isa = XCConfigurationList;
			buildConfigurations = (
				00E356F61AD99517003FC87E /* Debug */,
				00E356F71AD99517003FC87E /* Release */,
			);
			defaultConfigurationIsVisible = 0;
			defaultConfigurationName = Release;
		};
		13B07F931A680F5B00A75B9A /* Build configuration list for PBXNativeTarget "zzunda" */ = {
			isa = XCConfigurationList;
			buildConfigurations = (
				13B07F941A680F5B00A75B9A /* Debug */,
				13B07F951A680F5B00A75B9A /* Release */,
			);
			defaultConfigurationIsVisible = 0;
			defaultConfigurationName = Release;
		};
		2D02E4BA1E0B4A5E006451C7 /* Build configuration list for PBXNativeTarget "zzunda-tvOS" */ = {
			isa = XCConfigurationList;
			buildConfigurations = (
				2D02E4971E0B4A5E006451C7 /* Debug */,
				2D02E4981E0B4A5E006451C7 /* Release */,
			);
			defaultConfigurationIsVisible = 0;
			defaultConfigurationName = Release;
		};
		2D02E4BB1E0B4A5E006451C7 /* Build configuration list for PBXNativeTarget "zzunda-tvOSTests" */ = {
			isa = XCConfigurationList;
			buildConfigurations = (
				2D02E4991E0B4A5E006451C7 /* Debug */,
				2D02E49A1E0B4A5E006451C7 /* Release */,
			);
			defaultConfigurationIsVisible = 0;
			defaultConfigurationName = Release;
		};
		83CBB9FA1A601CBA00E9B192 /* Build configuration list for PBXProject "zzunda" */ = {
			isa = XCConfigurationList;
			buildConfigurations = (
				83CBBA201A601CBA00E9B192 /* Debug */,
				83CBBA211A601CBA00E9B192 /* Release */,
			);
			defaultConfigurationIsVisible = 0;
			defaultConfigurationName = Release;
		};
/* End XCConfigurationList section */
	};
	rootObject = 83CBB9F71A601CBA00E9B192 /* Project object */;
}
